// !$*UTF8*$!
{
	archiveVersion = 1;
	classes = {
	};
	objectVersion = 46;
	objects = {

/* Begin PBXBuildFile section */
		5114F7341EBFF13B000B3735 /* MetroMeshUITests.swift in Sources */ = {isa = PBXBuildFile; fileRef = 5114F7331EBFF13B000B3735 /* MetroMeshUITests.swift */; };
		5114F7421EBFF159000B3735 /* MetroMeshTests.swift in Sources */ = {isa = PBXBuildFile; fileRef = 5114F7411EBFF159000B3735 /* MetroMeshTests.swift */; };
		5114F74B1EC177BC000B3735 /* StationListViewController.swift in Sources */ = {isa = PBXBuildFile; fileRef = 5114F74A1EC177BC000B3735 /* StationListViewController.swift */; };
		514046041EB2E91C00E4C2C7 /* MMLoadStations.swift in Sources */ = {isa = PBXBuildFile; fileRef = 514046031EB2E91C00E4C2C7 /* MMLoadStations.swift */; };
		514CD7141E862D1F00AF4F52 /* stations.json in Resources */ = {isa = PBXBuildFile; fileRef = 514CD7131E862D1F00AF4F52 /* stations.json */; };
		514CD7171E8A1F0800AF4F52 /* Stations.swift in Sources */ = {isa = PBXBuildFile; fileRef = 514CD7161E8A1F0800AF4F52 /* Stations.swift */; };
		ED87465D1C56A57000B26BFE /* MMeshButton.swift in Sources */ = {isa = PBXBuildFile; fileRef = ED87465C1C56A57000B26BFE /* MMeshButton.swift */; };
		ED8FC9221E41A9E600CD7B91 /* MMViewController.swift in Sources */ = {isa = PBXBuildFile; fileRef = ED8FC9211E41A9E600CD7B91 /* MMViewController.swift */; };
		EDFDF0201C2D04B5002B4AF9 /* AppDelegate.swift in Sources */ = {isa = PBXBuildFile; fileRef = EDFDF01F1C2D04B5002B4AF9 /* AppDelegate.swift */; };
		EDFDF0251C2D04B5002B4AF9 /* Main.storyboard in Resources */ = {isa = PBXBuildFile; fileRef = EDFDF0231C2D04B5002B4AF9 /* Main.storyboard */; };
		EDFDF0271C2D04B5002B4AF9 /* Assets.xcassets in Resources */ = {isa = PBXBuildFile; fileRef = EDFDF0261C2D04B5002B4AF9 /* Assets.xcassets */; };
		EDFDF02A1C2D04B5002B4AF9 /* LaunchScreen.storyboard in Resources */ = {isa = PBXBuildFile; fileRef = EDFDF0281C2D04B5002B4AF9 /* LaunchScreen.storyboard */; };
		EDFDF0351C2E47F9002B4AF9 /* MetroMesh appLogo.png in Resources */ = {isa = PBXBuildFile; fileRef = EDFDF0341C2E47F9002B4AF9 /* MetroMesh appLogo.png */; };
		F520AB626A4241D8E606024A /* Pods_MetroMesh.framework in Frameworks */ = {isa = PBXBuildFile; fileRef = E010C678D8D5289D3D5BE8C5 /* Pods_MetroMesh.framework */; };
/* End PBXBuildFile section */

/* Begin PBXContainerItemProxy section */
		5114F7361EBFF13B000B3735 /* PBXContainerItemProxy */ = {
			isa = PBXContainerItemProxy;
			containerPortal = EDFDF0141C2D04B5002B4AF9 /* Project object */;
			proxyType = 1;
			remoteGlobalIDString = EDFDF01B1C2D04B5002B4AF9;
			remoteInfo = MetroMesh;
		};
		5114F7441EBFF159000B3735 /* PBXContainerItemProxy */ = {
			isa = PBXContainerItemProxy;
			containerPortal = EDFDF0141C2D04B5002B4AF9 /* Project object */;
			proxyType = 1;
			remoteGlobalIDString = EDFDF01B1C2D04B5002B4AF9;
			remoteInfo = MetroMesh;
		};
/* End PBXContainerItemProxy section */

/* Begin PBXFileReference section */
		5114F7311EBFF13B000B3735 /* MetroMeshUITests.xctest */ = {isa = PBXFileReference; explicitFileType = wrapper.cfbundle; includeInIndex = 0; path = MetroMeshUITests.xctest; sourceTree = BUILT_PRODUCTS_DIR; };
		5114F7331EBFF13B000B3735 /* MetroMeshUITests.swift */ = {isa = PBXFileReference; lastKnownFileType = sourcecode.swift; path = MetroMeshUITests.swift; sourceTree = "<group>"; };
		5114F7351EBFF13B000B3735 /* Info.plist */ = {isa = PBXFileReference; lastKnownFileType = text.plist.xml; path = Info.plist; sourceTree = "<group>"; };
		5114F73F1EBFF159000B3735 /* MetroMeshTests.xctest */ = {isa = PBXFileReference; explicitFileType = wrapper.cfbundle; includeInIndex = 0; path = MetroMeshTests.xctest; sourceTree = BUILT_PRODUCTS_DIR; };
		5114F7411EBFF159000B3735 /* MetroMeshTests.swift */ = {isa = PBXFileReference; lastKnownFileType = sourcecode.swift; path = MetroMeshTests.swift; sourceTree = "<group>"; };
		5114F7431EBFF159000B3735 /* Info.plist */ = {isa = PBXFileReference; lastKnownFileType = text.plist.xml; path = Info.plist; sourceTree = "<group>"; };
		5114F74A1EC177BC000B3735 /* StationListViewController.swift */ = {isa = PBXFileReference; fileEncoding = 4; lastKnownFileType = sourcecode.swift; path = StationListViewController.swift; sourceTree = "<group>"; };
		514046031EB2E91C00E4C2C7 /* MMLoadStations.swift */ = {isa = PBXFileReference; fileEncoding = 4; lastKnownFileType = sourcecode.swift; path = MMLoadStations.swift; sourceTree = "<group>"; };
		514CD7131E862D1F00AF4F52 /* stations.json */ = {isa = PBXFileReference; fileEncoding = 4; lastKnownFileType = text.json; path = stations.json; sourceTree = "<group>"; };
		514CD7161E8A1F0800AF4F52 /* Stations.swift */ = {isa = PBXFileReference; fileEncoding = 4; lastKnownFileType = sourcecode.swift; path = Stations.swift; sourceTree = "<group>"; };
		516E1DB91EBEC27B008EBFEA /* Union Station.gpx */ = {isa = PBXFileReference; lastKnownFileType = text.xml; path = "Union Station.gpx"; sourceTree = "<group>"; };
		51ABC8B21E7E0440008FC57B /* proxima-nova.ttf */ = {isa = PBXFileReference; lastKnownFileType = file; path = "proxima-nova.ttf"; sourceTree = "<group>"; };
		51ABC8B31E7E0440008FC57B /* proxima-sans-medium.ttf */ = {isa = PBXFileReference; lastKnownFileType = file; path = "proxima-sans-medium.ttf"; sourceTree = "<group>"; };
		51ABC8B41E7E0440008FC57B /* ProximaNova-Black.otf */ = {isa = PBXFileReference; lastKnownFileType = file; path = "ProximaNova-Black.otf"; sourceTree = "<group>"; };
		51ABC8B51E7E0440008FC57B /* ProximaNova-BlackIt.otf */ = {isa = PBXFileReference; lastKnownFileType = file; path = "ProximaNova-BlackIt.otf"; sourceTree = "<group>"; };
		51ABC8B61E7E0440008FC57B /* ProximaNova-Bold.otf */ = {isa = PBXFileReference; lastKnownFileType = file; path = "ProximaNova-Bold.otf"; sourceTree = "<group>"; };
		51ABC8B71E7E0440008FC57B /* ProximaNova-Bold.ttf */ = {isa = PBXFileReference; lastKnownFileType = file; path = "ProximaNova-Bold.ttf"; sourceTree = "<group>"; };
		51ABC8B81E7E0440008FC57B /* ProximaNova-BoldIt.otf */ = {isa = PBXFileReference; lastKnownFileType = file; path = "ProximaNova-BoldIt.otf"; sourceTree = "<group>"; };
		51ABC8B91E7E0440008FC57B /* ProximaNova-Light.otf */ = {isa = PBXFileReference; lastKnownFileType = file; path = "ProximaNova-Light.otf"; sourceTree = "<group>"; };
		51ABC8BA1E7E0440008FC57B /* ProximaNova-LightIt.otf */ = {isa = PBXFileReference; lastKnownFileType = file; path = "ProximaNova-LightIt.otf"; sourceTree = "<group>"; };
		51ABC8BB1E7E0440008FC57B /* ProximaNova-Reg.otf */ = {isa = PBXFileReference; lastKnownFileType = file; path = "ProximaNova-Reg.otf"; sourceTree = "<group>"; };
		51ABC8BC1E7E0440008FC57B /* ProximaNova-RegIt.otf */ = {isa = PBXFileReference; lastKnownFileType = file; path = "ProximaNova-RegIt.otf"; sourceTree = "<group>"; };
		51ABC8BD1E7E0440008FC57B /* ProximaNova-Regular.ttf */ = {isa = PBXFileReference; lastKnownFileType = file; path = "ProximaNova-Regular.ttf"; sourceTree = "<group>"; };
		51ABC8BE1E7E0440008FC57B /* ProximaNova-Sbold.otf */ = {isa = PBXFileReference; lastKnownFileType = file; path = "ProximaNova-Sbold.otf"; sourceTree = "<group>"; };
		51ABC8BF1E7E0440008FC57B /* ProximaNova-SboldIt.otf */ = {isa = PBXFileReference; lastKnownFileType = file; path = "ProximaNova-SboldIt.otf"; sourceTree = "<group>"; };
		51ABC8C01E7E0440008FC57B /* ProximaNova-Thin.otf */ = {isa = PBXFileReference; lastKnownFileType = file; path = "ProximaNova-Thin.otf"; sourceTree = "<group>"; };
		51ABC8C11E7E0440008FC57B /* ProximaNova-ThinIt.otf */ = {isa = PBXFileReference; lastKnownFileType = file; path = "ProximaNova-ThinIt.otf"; sourceTree = "<group>"; };
		51ABC8C21E7E0440008FC57B /* ProximaNova-Xbold.otf */ = {isa = PBXFileReference; lastKnownFileType = file; path = "ProximaNova-Xbold.otf"; sourceTree = "<group>"; };
		51ABC8C31E7E0440008FC57B /* ProximaNova-XboldIt.otf */ = {isa = PBXFileReference; lastKnownFileType = file; path = "ProximaNova-XboldIt.otf"; sourceTree = "<group>"; };
		51ABC8C41E7E0440008FC57B /* ProximaNovaCond-Black.otf */ = {isa = PBXFileReference; lastKnownFileType = file; path = "ProximaNovaCond-Black.otf"; sourceTree = "<group>"; };
		51ABC8C51E7E0440008FC57B /* ProximaNovaCond-BlackIt.otf */ = {isa = PBXFileReference; lastKnownFileType = file; path = "ProximaNovaCond-BlackIt.otf"; sourceTree = "<group>"; };
		51ABC8C61E7E0440008FC57B /* ProximaNovaCond-Bold.otf */ = {isa = PBXFileReference; lastKnownFileType = file; path = "ProximaNovaCond-Bold.otf"; sourceTree = "<group>"; };
		51ABC8C71E7E0440008FC57B /* ProximaNovaCond-BoldIt.otf */ = {isa = PBXFileReference; lastKnownFileType = file; path = "ProximaNovaCond-BoldIt.otf"; sourceTree = "<group>"; };
		51ABC8C81E7E0440008FC57B /* ProximaNovaCond-Light.otf */ = {isa = PBXFileReference; lastKnownFileType = file; path = "ProximaNovaCond-Light.otf"; sourceTree = "<group>"; };
		51ABC8C91E7E0440008FC57B /* ProximaNovaCond-LightIt.otf */ = {isa = PBXFileReference; lastKnownFileType = file; path = "ProximaNovaCond-LightIt.otf"; sourceTree = "<group>"; };
		51ABC8CA1E7E0440008FC57B /* ProximaNovaCond-Reg.otf */ = {isa = PBXFileReference; lastKnownFileType = file; path = "ProximaNovaCond-Reg.otf"; sourceTree = "<group>"; };
		51ABC8CB1E7E0440008FC57B /* ProximaNovaCond-RegIt.otf */ = {isa = PBXFileReference; lastKnownFileType = file; path = "ProximaNovaCond-RegIt.otf"; sourceTree = "<group>"; };
		51ABC8CC1E7E0440008FC57B /* ProximaNovaCond-Sbold.otf */ = {isa = PBXFileReference; lastKnownFileType = file; path = "ProximaNovaCond-Sbold.otf"; sourceTree = "<group>"; };
		51ABC8CD1E7E0440008FC57B /* ProximaNovaCond-SboldIt.otf */ = {isa = PBXFileReference; lastKnownFileType = file; path = "ProximaNovaCond-SboldIt.otf"; sourceTree = "<group>"; };
		51ABC8CE1E7E0440008FC57B /* ProximaNovaCond-Thin.otf */ = {isa = PBXFileReference; lastKnownFileType = file; path = "ProximaNovaCond-Thin.otf"; sourceTree = "<group>"; };
		51ABC8CF1E7E0440008FC57B /* ProximaNovaCond-ThinIt.otf */ = {isa = PBXFileReference; lastKnownFileType = file; path = "ProximaNovaCond-ThinIt.otf"; sourceTree = "<group>"; };
		51ABC8D01E7E0440008FC57B /* ProximaNovaCond-Xbold.otf */ = {isa = PBXFileReference; lastKnownFileType = file; path = "ProximaNovaCond-Xbold.otf"; sourceTree = "<group>"; };
		51ABC8D11E7E0440008FC57B /* ProximaNovaCond-XboldIt.otf */ = {isa = PBXFileReference; lastKnownFileType = file; path = "ProximaNovaCond-XboldIt.otf"; sourceTree = "<group>"; };
		7C6F3D80A80AF2EBAD94A1BE /* Pods-MetroMesh.debug.xcconfig */ = {isa = PBXFileReference; includeInIndex = 1; lastKnownFileType = text.xcconfig; name = "Pods-MetroMesh.debug.xcconfig"; path = "Pods/Target Support Files/Pods-MetroMesh/Pods-MetroMesh.debug.xcconfig"; sourceTree = "<group>"; };
		E010C678D8D5289D3D5BE8C5 /* Pods_MetroMesh.framework */ = {isa = PBXFileReference; explicitFileType = wrapper.framework; includeInIndex = 0; path = Pods_MetroMesh.framework; sourceTree = BUILT_PRODUCTS_DIR; };
		EC37A536F96B397DBA26C035 /* Pods-MetroMesh.release.xcconfig */ = {isa = PBXFileReference; includeInIndex = 1; lastKnownFileType = text.xcconfig; name = "Pods-MetroMesh.release.xcconfig"; path = "Pods/Target Support Files/Pods-MetroMesh/Pods-MetroMesh.release.xcconfig"; sourceTree = "<group>"; };
		ED87465C1C56A57000B26BFE /* MMeshButton.swift */ = {isa = PBXFileReference; fileEncoding = 4; lastKnownFileType = sourcecode.swift; path = MMeshButton.swift; sourceTree = "<group>"; };
		ED8FC9211E41A9E600CD7B91 /* MMViewController.swift */ = {isa = PBXFileReference; fileEncoding = 4; lastKnownFileType = sourcecode.swift; path = MMViewController.swift; sourceTree = "<group>"; };
		EDFDF01C1C2D04B5002B4AF9 /* MetroMesh.app */ = {isa = PBXFileReference; explicitFileType = wrapper.application; includeInIndex = 0; path = MetroMesh.app; sourceTree = BUILT_PRODUCTS_DIR; };
		EDFDF01F1C2D04B5002B4AF9 /* AppDelegate.swift */ = {isa = PBXFileReference; lastKnownFileType = sourcecode.swift; path = AppDelegate.swift; sourceTree = "<group>"; };
		EDFDF0241C2D04B5002B4AF9 /* Base */ = {isa = PBXFileReference; lastKnownFileType = file.storyboard; name = Base; path = Base.lproj/Main.storyboard; sourceTree = "<group>"; };
		EDFDF0261C2D04B5002B4AF9 /* Assets.xcassets */ = {isa = PBXFileReference; lastKnownFileType = folder.assetcatalog; path = Assets.xcassets; sourceTree = "<group>"; };
		EDFDF0291C2D04B5002B4AF9 /* Base */ = {isa = PBXFileReference; lastKnownFileType = file.storyboard; name = Base; path = Base.lproj/LaunchScreen.storyboard; sourceTree = "<group>"; };
		EDFDF02B1C2D04B5002B4AF9 /* Info.plist */ = {isa = PBXFileReference; lastKnownFileType = text.plist.xml; path = Info.plist; sourceTree = "<group>"; };
		EDFDF0341C2E47F9002B4AF9 /* MetroMesh appLogo.png */ = {isa = PBXFileReference; lastKnownFileType = image.png; path = "MetroMesh appLogo.png"; sourceTree = "<group>"; };
/* End PBXFileReference section */

/* Begin PBXFrameworksBuildPhase section */
		5114F72E1EBFF13B000B3735 /* Frameworks */ = {
			isa = PBXFrameworksBuildPhase;
			buildActionMask = 2147483647;
			files = (
			);
			runOnlyForDeploymentPostprocessing = 0;
		};
		5114F73C1EBFF159000B3735 /* Frameworks */ = {
			isa = PBXFrameworksBuildPhase;
			buildActionMask = 2147483647;
			files = (
			);
			runOnlyForDeploymentPostprocessing = 0;
		};
		EDFDF0191C2D04B5002B4AF9 /* Frameworks */ = {
			isa = PBXFrameworksBuildPhase;
			buildActionMask = 2147483647;
			files = (
				F520AB626A4241D8E606024A /* Pods_MetroMesh.framework in Frameworks */,
			);
			runOnlyForDeploymentPostprocessing = 0;
		};
/* End PBXFrameworksBuildPhase section */

/* Begin PBXGroup section */
		4EB9FAFFF4E82ABC495251B1 /* Pods */ = {
			isa = PBXGroup;
			children = (
				7C6F3D80A80AF2EBAD94A1BE /* Pods-MetroMesh.debug.xcconfig */,
				EC37A536F96B397DBA26C035 /* Pods-MetroMesh.release.xcconfig */,
			);
			name = Pods;
			sourceTree = "<group>";
		};
		5114F7321EBFF13B000B3735 /* MetroMeshUITests */ = {
			isa = PBXGroup;
			children = (
				5114F7331EBFF13B000B3735 /* MetroMeshUITests.swift */,
				5114F7351EBFF13B000B3735 /* Info.plist */,
			);
			path = MetroMeshUITests;
			sourceTree = "<group>";
		};
		5114F7401EBFF159000B3735 /* MetroMeshTests */ = {
			isa = PBXGroup;
			children = (
				5114F7411EBFF159000B3735 /* MetroMeshTests.swift */,
				5114F7431EBFF159000B3735 /* Info.plist */,
			);
			path = MetroMeshTests;
			sourceTree = "<group>";
		};
		5114F7491EC176CD000B3735 /* StationViewGroup */ = {
			isa = PBXGroup;
			children = (
				5114F74A1EC177BC000B3735 /* StationListViewController.swift */,
			);
			path = StationViewGroup;
			sourceTree = "<group>";
		};
		514CD7151E8A1EEF00AF4F52 /* Models */ = {
			isa = PBXGroup;
			children = (
				514CD7161E8A1F0800AF4F52 /* Stations.swift */,
				514046031EB2E91C00E4C2C7 /* MMLoadStations.swift */,
			);
			name = Models;
			sourceTree = "<group>";
		};
		51DEB15A1E86255A00F41E2C /* Fonts */ = {
			isa = PBXGroup;
			children = (
				51ABC8B21E7E0440008FC57B /* proxima-nova.ttf */,
				51ABC8B31E7E0440008FC57B /* proxima-sans-medium.ttf */,
				51ABC8B41E7E0440008FC57B /* ProximaNova-Black.otf */,
				51ABC8B51E7E0440008FC57B /* ProximaNova-BlackIt.otf */,
				51ABC8B61E7E0440008FC57B /* ProximaNova-Bold.otf */,
				51ABC8B71E7E0440008FC57B /* ProximaNova-Bold.ttf */,
				51ABC8B81E7E0440008FC57B /* ProximaNova-BoldIt.otf */,
				51ABC8B91E7E0440008FC57B /* ProximaNova-Light.otf */,
				51ABC8BA1E7E0440008FC57B /* ProximaNova-LightIt.otf */,
				51ABC8BB1E7E0440008FC57B /* ProximaNova-Reg.otf */,
				51ABC8BC1E7E0440008FC57B /* ProximaNova-RegIt.otf */,
				51ABC8BD1E7E0440008FC57B /* ProximaNova-Regular.ttf */,
				51ABC8BE1E7E0440008FC57B /* ProximaNova-Sbold.otf */,
				51ABC8BF1E7E0440008FC57B /* ProximaNova-SboldIt.otf */,
				51ABC8C01E7E0440008FC57B /* ProximaNova-Thin.otf */,
				51ABC8C11E7E0440008FC57B /* ProximaNova-ThinIt.otf */,
				51ABC8C21E7E0440008FC57B /* ProximaNova-Xbold.otf */,
				51ABC8C31E7E0440008FC57B /* ProximaNova-XboldIt.otf */,
				51ABC8C41E7E0440008FC57B /* ProximaNovaCond-Black.otf */,
				51ABC8C51E7E0440008FC57B /* ProximaNovaCond-BlackIt.otf */,
				51ABC8C61E7E0440008FC57B /* ProximaNovaCond-Bold.otf */,
				51ABC8C71E7E0440008FC57B /* ProximaNovaCond-BoldIt.otf */,
				51ABC8C81E7E0440008FC57B /* ProximaNovaCond-Light.otf */,
				51ABC8C91E7E0440008FC57B /* ProximaNovaCond-LightIt.otf */,
				51ABC8CA1E7E0440008FC57B /* ProximaNovaCond-Reg.otf */,
				51ABC8CB1E7E0440008FC57B /* ProximaNovaCond-RegIt.otf */,
				51ABC8CC1E7E0440008FC57B /* ProximaNovaCond-Sbold.otf */,
				51ABC8CD1E7E0440008FC57B /* ProximaNovaCond-SboldIt.otf */,
				51ABC8CE1E7E0440008FC57B /* ProximaNovaCond-Thin.otf */,
				51ABC8CF1E7E0440008FC57B /* ProximaNovaCond-ThinIt.otf */,
				51ABC8D01E7E0440008FC57B /* ProximaNovaCond-Xbold.otf */,
				51ABC8D11E7E0440008FC57B /* ProximaNovaCond-XboldIt.otf */,
			);
			name = Fonts;
			path = /Users/borikanes/Code/MetroMesh/Resources/Fonts;
			sourceTree = "<absolute>";
		};
		75A6D963847018FE1E70DC27 /* Frameworks */ = {
			isa = PBXGroup;
			children = (
				E010C678D8D5289D3D5BE8C5 /* Pods_MetroMesh.framework */,
			);
			name = Frameworks;
			sourceTree = "<group>";
		};
		ED387E081C2F64110064DC86 /* Resources */ = {
			isa = PBXGroup;
			children = (
				51DEB15A1E86255A00F41E2C /* Fonts */,
				EDFDF0311C2E4324002B4AF9 /* Images */,
				514CD7131E862D1F00AF4F52 /* stations.json */,
				516E1DB91EBEC27B008EBFEA /* Union Station.gpx */,
			);
			name = Resources;
			path = ../Resources;
			sourceTree = "<group>";
		};
		ED8746591C501BA300B26BFE /* View */ = {
			isa = PBXGroup;
			children = (
				EDD81F3D1E4EBEA0007B1168 /* Customs */,
				ED8FC9231E41AAAE00CD7B91 /* Storyboards */,
			);
			path = View;
			sourceTree = SOURCE_ROOT;
		};
		ED87465A1C501BC700B26BFE /* Controller */ = {
			isa = PBXGroup;
			children = (
				5114F7491EC176CD000B3735 /* StationViewGroup */,
				ED8FC9211E41A9E600CD7B91 /* MMViewController.swift */,
			);
			name = Controller;
			path = ../Controller;
			sourceTree = "<group>";
		};
		ED87465B1C501BDE00B26BFE /* Supporting Files */ = {
			isa = PBXGroup;
			children = (
				EDFDF02B1C2D04B5002B4AF9 /* Info.plist */,
				EDFDF01F1C2D04B5002B4AF9 /* AppDelegate.swift */,
			);
			name = "Supporting Files";
			path = "../Supporting Files";
			sourceTree = "<group>";
		};
		ED8FC9231E41AAAE00CD7B91 /* Storyboards */ = {
			isa = PBXGroup;
			children = (
				EDFDF0231C2D04B5002B4AF9 /* Main.storyboard */,
				EDFDF0281C2D04B5002B4AF9 /* LaunchScreen.storyboard */,
			);
			path = Storyboards;
			sourceTree = "<group>";
		};
		EDD81F3C1E4EBE38007B1168 /* Assets */ = {
			isa = PBXGroup;
			children = (
				EDFDF0261C2D04B5002B4AF9 /* Assets.xcassets */,
			);
			name = Assets;
			path = ../Assets;
			sourceTree = "<group>";
		};
		EDD81F3D1E4EBEA0007B1168 /* Customs */ = {
			isa = PBXGroup;
			children = (
				ED87465C1C56A57000B26BFE /* MMeshButton.swift */,
			);
			path = Customs;
			sourceTree = "<group>";
		};
		EDFDF0131C2D04B5002B4AF9 = {
			isa = PBXGroup;
			children = (
				EDFDF01E1C2D04B5002B4AF9 /* MetroMesh */,
				5114F7321EBFF13B000B3735 /* MetroMeshUITests */,
				5114F7401EBFF159000B3735 /* MetroMeshTests */,
				EDFDF01D1C2D04B5002B4AF9 /* Products */,
				4EB9FAFFF4E82ABC495251B1 /* Pods */,
				75A6D963847018FE1E70DC27 /* Frameworks */,
			);
			sourceTree = "<group>";
		};
		EDFDF01D1C2D04B5002B4AF9 /* Products */ = {
			isa = PBXGroup;
			children = (
				EDFDF01C1C2D04B5002B4AF9 /* MetroMesh.app */,
				5114F7311EBFF13B000B3735 /* MetroMeshUITests.xctest */,
				5114F73F1EBFF159000B3735 /* MetroMeshTests.xctest */,
			);
			name = Products;
			sourceTree = "<group>";
		};
		EDFDF01E1C2D04B5002B4AF9 /* MetroMesh */ = {
			isa = PBXGroup;
			children = (
				514CD7151E8A1EEF00AF4F52 /* Models */,
				EDD81F3C1E4EBE38007B1168 /* Assets */,
				ED87465B1C501BDE00B26BFE /* Supporting Files */,
				ED87465A1C501BC700B26BFE /* Controller */,
				ED8746591C501BA300B26BFE /* View */,
				ED387E081C2F64110064DC86 /* Resources */,
			);
			path = MetroMesh;
			sourceTree = "<group>";
		};
		EDFDF0311C2E4324002B4AF9 /* Images */ = {
			isa = PBXGroup;
			children = (
				EDFDF0341C2E47F9002B4AF9 /* MetroMesh appLogo.png */,
			);
			path = Images;
			sourceTree = "<group>";
		};
/* End PBXGroup section */

/* Begin PBXNativeTarget section */
		5114F7301EBFF13B000B3735 /* MetroMeshUITests */ = {
			isa = PBXNativeTarget;
			buildConfigurationList = 5114F7381EBFF13B000B3735 /* Build configuration list for PBXNativeTarget "MetroMeshUITests" */;
			buildPhases = (
				5114F72D1EBFF13B000B3735 /* Sources */,
				5114F72E1EBFF13B000B3735 /* Frameworks */,
				5114F72F1EBFF13B000B3735 /* Resources */,
			);
			buildRules = (
			);
			dependencies = (
				5114F7371EBFF13B000B3735 /* PBXTargetDependency */,
			);
			name = MetroMeshUITests;
			productName = MetroMeshUITests;
			productReference = 5114F7311EBFF13B000B3735 /* MetroMeshUITests.xctest */;
			productType = "com.apple.product-type.bundle.ui-testing";
		};
		5114F73E1EBFF159000B3735 /* MetroMeshTests */ = {
			isa = PBXNativeTarget;
			buildConfigurationList = 5114F7461EBFF159000B3735 /* Build configuration list for PBXNativeTarget "MetroMeshTests" */;
			buildPhases = (
				5114F73B1EBFF159000B3735 /* Sources */,
				5114F73C1EBFF159000B3735 /* Frameworks */,
				5114F73D1EBFF159000B3735 /* Resources */,
			);
			buildRules = (
			);
			dependencies = (
				5114F7451EBFF159000B3735 /* PBXTargetDependency */,
			);
			name = MetroMeshTests;
			productName = MetroMeshTests;
			productReference = 5114F73F1EBFF159000B3735 /* MetroMeshTests.xctest */;
			productType = "com.apple.product-type.bundle.unit-test";
		};
		EDFDF01B1C2D04B5002B4AF9 /* MetroMesh */ = {
			isa = PBXNativeTarget;
			buildConfigurationList = EDFDF02E1C2D04B5002B4AF9 /* Build configuration list for PBXNativeTarget "MetroMesh" */;
			buildPhases = (
				A116CCA1A150538F1FB3C3EA /* [CP] Check Pods Manifest.lock */,
				EDFDF0181C2D04B5002B4AF9 /* Sources */,
				EDFDF0191C2D04B5002B4AF9 /* Frameworks */,
				EDFDF01A1C2D04B5002B4AF9 /* Resources */,
				F117F1C703E0771730F9EAED /* [CP] Embed Pods Frameworks */,
				2942B3DC534D7B7A86F2C2CD /* [CP] Copy Pods Resources */,
				514CD7181E8A214300AF4F52 /* ShellScript */,
			);
			buildRules = (
			);
			dependencies = (
			);
			name = MetroMesh;
			productName = MetroMesh;
			productReference = EDFDF01C1C2D04B5002B4AF9 /* MetroMesh.app */;
			productType = "com.apple.product-type.application";
		};
/* End PBXNativeTarget section */

/* Begin PBXProject section */
		EDFDF0141C2D04B5002B4AF9 /* Project object */ = {
			isa = PBXProject;
			attributes = {
				LastSwiftUpdateCheck = 0830;
				LastUpgradeCheck = 0820;
				ORGANIZATIONNAME = "Oluwabori Oludemi";
				TargetAttributes = {
					5114F7301EBFF13B000B3735 = {
						CreatedOnToolsVersion = 8.3.2;
						DevelopmentTeam = 7B6H8LADVH;
						ProvisioningStyle = Automatic;
						TestTargetID = EDFDF01B1C2D04B5002B4AF9;
					};
					5114F73E1EBFF159000B3735 = {
						CreatedOnToolsVersion = 8.3.2;
						DevelopmentTeam = 7B6H8LADVH;
						ProvisioningStyle = Automatic;
						TestTargetID = EDFDF01B1C2D04B5002B4AF9;
					};
					EDFDF01B1C2D04B5002B4AF9 = {
						CreatedOnToolsVersion = 7.1.1;
						DevelopmentTeam = 3FHNAQRUEU;
						LastSwiftMigration = 0800;
						ProvisioningStyle = Automatic;
						SystemCapabilities = {
							com.apple.BackgroundModes = {
								enabled = 1;
							};
						};
					};
				};
			};
			buildConfigurationList = EDFDF0171C2D04B5002B4AF9 /* Build configuration list for PBXProject "MetroMesh" */;
			compatibilityVersion = "Xcode 3.2";
			developmentRegion = English;
			hasScannedForEncodings = 0;
			knownRegions = (
				en,
				Base,
			);
			mainGroup = EDFDF0131C2D04B5002B4AF9;
			productRefGroup = EDFDF01D1C2D04B5002B4AF9 /* Products */;
			projectDirPath = "";
			projectRoot = "";
			targets = (
				EDFDF01B1C2D04B5002B4AF9 /* MetroMesh */,
				5114F7301EBFF13B000B3735 /* MetroMeshUITests */,
				5114F73E1EBFF159000B3735 /* MetroMeshTests */,
			);
		};
/* End PBXProject section */

/* Begin PBXResourcesBuildPhase section */
		5114F72F1EBFF13B000B3735 /* Resources */ = {
			isa = PBXResourcesBuildPhase;
			buildActionMask = 2147483647;
			files = (
			);
			runOnlyForDeploymentPostprocessing = 0;
		};
		5114F73D1EBFF159000B3735 /* Resources */ = {
			isa = PBXResourcesBuildPhase;
			buildActionMask = 2147483647;
			files = (
			);
			runOnlyForDeploymentPostprocessing = 0;
		};
		EDFDF01A1C2D04B5002B4AF9 /* Resources */ = {
			isa = PBXResourcesBuildPhase;
			buildActionMask = 2147483647;
			files = (
				EDFDF02A1C2D04B5002B4AF9 /* LaunchScreen.storyboard in Resources */,
				EDFDF0351C2E47F9002B4AF9 /* MetroMesh appLogo.png in Resources */,
				EDFDF0271C2D04B5002B4AF9 /* Assets.xcassets in Resources */,
				EDFDF0251C2D04B5002B4AF9 /* Main.storyboard in Resources */,
				514CD7141E862D1F00AF4F52 /* stations.json in Resources */,
			);
			runOnlyForDeploymentPostprocessing = 0;
		};
/* End PBXResourcesBuildPhase section */

/* Begin PBXShellScriptBuildPhase section */
		2942B3DC534D7B7A86F2C2CD /* [CP] Copy Pods Resources */ = {
			isa = PBXShellScriptBuildPhase;
			buildActionMask = 2147483647;
			files = (
			);
			inputPaths = (
			);
			name = "[CP] Copy Pods Resources";
			outputPaths = (
			);
			runOnlyForDeploymentPostprocessing = 0;
			shellPath = /bin/sh;
			shellScript = "\"${SRCROOT}/Pods/Target Support Files/Pods-MetroMesh/Pods-MetroMesh-resources.sh\"\n";
			showEnvVarsInLog = 0;
		};
		514CD7181E8A214300AF4F52 /* ShellScript */ = {
			isa = PBXShellScriptBuildPhase;
			buildActionMask = 2147483647;
			files = (
			);
			inputPaths = (
			);
			outputPaths = (
			);
			runOnlyForDeploymentPostprocessing = 0;
			shellPath = /bin/sh;
			shellScript = "if which swiftlint >/dev/null; then\n    swiftlint\nelse\n    echo \"warning: SwiftLint not installed, download from https://github.com/realm/SwiftLint\"\nfi";
		};
		A116CCA1A150538F1FB3C3EA /* [CP] Check Pods Manifest.lock */ = {
			isa = PBXShellScriptBuildPhase;
			buildActionMask = 2147483647;
			files = (
			);
			inputPaths = (
			);
			name = "[CP] Check Pods Manifest.lock";
			outputPaths = (
			);
			runOnlyForDeploymentPostprocessing = 0;
			shellPath = /bin/sh;
			shellScript = "diff \"${PODS_ROOT}/../Podfile.lock\" \"${PODS_ROOT}/Manifest.lock\" > /dev/null\nif [ $? != 0 ] ; then\n    # print error to STDERR\n    echo \"error: The sandbox is not in sync with the Podfile.lock. Run 'pod install' or update your CocoaPods installation.\" >&2\n    exit 1\nfi\n";
			showEnvVarsInLog = 0;
		};
		F117F1C703E0771730F9EAED /* [CP] Embed Pods Frameworks */ = {
			isa = PBXShellScriptBuildPhase;
			buildActionMask = 2147483647;
			files = (
			);
			inputPaths = (
			);
			name = "[CP] Embed Pods Frameworks";
			outputPaths = (
			);
			runOnlyForDeploymentPostprocessing = 0;
			shellPath = /bin/sh;
			shellScript = "\"${SRCROOT}/Pods/Target Support Files/Pods-MetroMesh/Pods-MetroMesh-frameworks.sh\"\n";
			showEnvVarsInLog = 0;
		};
/* End PBXShellScriptBuildPhase section */

/* Begin PBXSourcesBuildPhase section */
		5114F72D1EBFF13B000B3735 /* Sources */ = {
			isa = PBXSourcesBuildPhase;
			buildActionMask = 2147483647;
			files = (
				5114F7341EBFF13B000B3735 /* MetroMeshUITests.swift in Sources */,
			);
			runOnlyForDeploymentPostprocessing = 0;
		};
		5114F73B1EBFF159000B3735 /* Sources */ = {
			isa = PBXSourcesBuildPhase;
			buildActionMask = 2147483647;
			files = (
				5114F7421EBFF159000B3735 /* MetroMeshTests.swift in Sources */,
			);
			runOnlyForDeploymentPostprocessing = 0;
		};
		EDFDF0181C2D04B5002B4AF9 /* Sources */ = {
			isa = PBXSourcesBuildPhase;
			buildActionMask = 2147483647;
			files = (
				ED8FC9221E41A9E600CD7B91 /* MMViewController.swift in Sources */,
				ED87465D1C56A57000B26BFE /* MMeshButton.swift in Sources */,
				514046041EB2E91C00E4C2C7 /* MMLoadStations.swift in Sources */,
				514CD7171E8A1F0800AF4F52 /* Stations.swift in Sources */,
				EDFDF0201C2D04B5002B4AF9 /* AppDelegate.swift in Sources */,
				5114F74B1EC177BC000B3735 /* StationListViewController.swift in Sources */,
			);
			runOnlyForDeploymentPostprocessing = 0;
		};
/* End PBXSourcesBuildPhase section */

/* Begin PBXTargetDependency section */
		5114F7371EBFF13B000B3735 /* PBXTargetDependency */ = {
			isa = PBXTargetDependency;
			target = EDFDF01B1C2D04B5002B4AF9 /* MetroMesh */;
			targetProxy = 5114F7361EBFF13B000B3735 /* PBXContainerItemProxy */;
		};
		5114F7451EBFF159000B3735 /* PBXTargetDependency */ = {
			isa = PBXTargetDependency;
			target = EDFDF01B1C2D04B5002B4AF9 /* MetroMesh */;
			targetProxy = 5114F7441EBFF159000B3735 /* PBXContainerItemProxy */;
		};
/* End PBXTargetDependency section */

/* Begin PBXVariantGroup section */
		EDFDF0231C2D04B5002B4AF9 /* Main.storyboard */ = {
			isa = PBXVariantGroup;
			children = (
				EDFDF0241C2D04B5002B4AF9 /* Base */,
			);
			name = Main.storyboard;
			sourceTree = "<group>";
		};
		EDFDF0281C2D04B5002B4AF9 /* LaunchScreen.storyboard */ = {
			isa = PBXVariantGroup;
			children = (
				EDFDF0291C2D04B5002B4AF9 /* Base */,
			);
			name = LaunchScreen.storyboard;
			sourceTree = "<group>";
		};
/* End PBXVariantGroup section */

/* Begin XCBuildConfiguration section */
		5114F7391EBFF13B000B3735 /* Debug */ = {
			isa = XCBuildConfiguration;
			buildSettings = {
				CLANG_ANALYZER_NONNULL = YES;
				CLANG_ANALYZER_NUMBER_OBJECT_CONVERSION = YES_AGGRESSIVE;
				CLANG_WARN_DOCUMENTATION_COMMENTS = YES;
				DEVELOPMENT_TEAM = 7B6H8LADVH;
				INFOPLIST_FILE = MetroMeshUITests/Info.plist;
				IPHONEOS_DEPLOYMENT_TARGET = 10.3;
				LD_RUNPATH_SEARCH_PATHS = "$(inherited) @executable_path/Frameworks @loader_path/Frameworks";
				PRODUCT_BUNDLE_IDENTIFIER = me.borikanes.MetroMeshUITests;
				PRODUCT_NAME = "$(TARGET_NAME)";
				SWIFT_ACTIVE_COMPILATION_CONDITIONS = DEBUG;
				SWIFT_VERSION = 3.0;
				TEST_TARGET_NAME = MetroMesh;
			};
			name = Debug;
		};
		5114F73A1EBFF13B000B3735 /* Release */ = {
			isa = XCBuildConfiguration;
			buildSettings = {
				CLANG_ANALYZER_NONNULL = YES;
				CLANG_ANALYZER_NUMBER_OBJECT_CONVERSION = YES_AGGRESSIVE;
				CLANG_WARN_DOCUMENTATION_COMMENTS = YES;
				DEVELOPMENT_TEAM = 7B6H8LADVH;
				INFOPLIST_FILE = MetroMeshUITests/Info.plist;
				IPHONEOS_DEPLOYMENT_TARGET = 10.3;
				LD_RUNPATH_SEARCH_PATHS = "$(inherited) @executable_path/Frameworks @loader_path/Frameworks";
				PRODUCT_BUNDLE_IDENTIFIER = me.borikanes.MetroMeshUITests;
				PRODUCT_NAME = "$(TARGET_NAME)";
				SWIFT_VERSION = 3.0;
				TEST_TARGET_NAME = MetroMesh;
			};
			name = Release;
		};
		5114F7471EBFF159000B3735 /* Debug */ = {
			isa = XCBuildConfiguration;
			buildSettings = {
				BUNDLE_LOADER = "$(TEST_HOST)";
				CLANG_ANALYZER_NONNULL = YES;
				CLANG_ANALYZER_NUMBER_OBJECT_CONVERSION = YES_AGGRESSIVE;
				CLANG_WARN_DOCUMENTATION_COMMENTS = YES;
				DEVELOPMENT_TEAM = 7B6H8LADVH;
				INFOPLIST_FILE = MetroMeshTests/Info.plist;
				IPHONEOS_DEPLOYMENT_TARGET = 10.3;
				LD_RUNPATH_SEARCH_PATHS = "$(inherited) @executable_path/Frameworks @loader_path/Frameworks";
				PRODUCT_BUNDLE_IDENTIFIER = me.borikanes.MetroMeshTests;
				PRODUCT_NAME = "$(TARGET_NAME)";
				SWIFT_ACTIVE_COMPILATION_CONDITIONS = DEBUG;
				SWIFT_VERSION = 3.0;
				TEST_HOST = "$(BUILT_PRODUCTS_DIR)/MetroMesh.app/MetroMesh";
			};
			name = Debug;
		};
		5114F7481EBFF159000B3735 /* Release */ = {
			isa = XCBuildConfiguration;
			buildSettings = {
				BUNDLE_LOADER = "$(TEST_HOST)";
				CLANG_ANALYZER_NONNULL = YES;
				CLANG_ANALYZER_NUMBER_OBJECT_CONVERSION = YES_AGGRESSIVE;
				CLANG_WARN_DOCUMENTATION_COMMENTS = YES;
				DEVELOPMENT_TEAM = 7B6H8LADVH;
				INFOPLIST_FILE = MetroMeshTests/Info.plist;
				IPHONEOS_DEPLOYMENT_TARGET = 10.3;
				LD_RUNPATH_SEARCH_PATHS = "$(inherited) @executable_path/Frameworks @loader_path/Frameworks";
				PRODUCT_BUNDLE_IDENTIFIER = me.borikanes.MetroMeshTests;
				PRODUCT_NAME = "$(TARGET_NAME)";
				SWIFT_VERSION = 3.0;
				TEST_HOST = "$(BUILT_PRODUCTS_DIR)/MetroMesh.app/MetroMesh";
			};
			name = Release;
		};
		EDFDF02C1C2D04B5002B4AF9 /* Debug */ = {
			isa = XCBuildConfiguration;
			buildSettings = {
				ALWAYS_SEARCH_USER_PATHS = NO;
				CLANG_CXX_LANGUAGE_STANDARD = "gnu++0x";
				CLANG_CXX_LIBRARY = "libc++";
				CLANG_ENABLE_MODULES = YES;
				CLANG_ENABLE_OBJC_ARC = YES;
				CLANG_WARN_BOOL_CONVERSION = YES;
				CLANG_WARN_CONSTANT_CONVERSION = YES;
				CLANG_WARN_DIRECT_OBJC_ISA_USAGE = YES_ERROR;
				CLANG_WARN_EMPTY_BODY = YES;
				CLANG_WARN_ENUM_CONVERSION = YES;
				CLANG_WARN_INFINITE_RECURSION = YES;
				CLANG_WARN_INT_CONVERSION = YES;
				CLANG_WARN_OBJC_ROOT_CLASS = YES_ERROR;
				CLANG_WARN_SUSPICIOUS_MOVE = YES;
				CLANG_WARN_UNREACHABLE_CODE = YES;
				CLANG_WARN__DUPLICATE_METHOD_MATCH = YES;
				"CODE_SIGN_IDENTITY[sdk=iphoneos*]" = "iPhone Developer";
				COPY_PHASE_STRIP = NO;
				DEBUG_INFORMATION_FORMAT = dwarf;
				ENABLE_STRICT_OBJC_MSGSEND = YES;
				ENABLE_TESTABILITY = YES;
				GCC_C_LANGUAGE_STANDARD = gnu99;
				GCC_DYNAMIC_NO_PIC = NO;
				GCC_NO_COMMON_BLOCKS = YES;
				GCC_OPTIMIZATION_LEVEL = 0;
				GCC_PREPROCESSOR_DEFINITIONS = (
					"DEBUG=1",
					"$(inherited)",
				);
				GCC_WARN_64_TO_32_BIT_CONVERSION = YES;
				GCC_WARN_ABOUT_RETURN_TYPE = YES_ERROR;
				GCC_WARN_UNDECLARED_SELECTOR = YES;
				GCC_WARN_UNINITIALIZED_AUTOS = YES_AGGRESSIVE;
				GCC_WARN_UNUSED_FUNCTION = YES;
				GCC_WARN_UNUSED_VARIABLE = YES;
				IPHONEOS_DEPLOYMENT_TARGET = 10.0;
				MTL_ENABLE_DEBUG_INFO = YES;
				ONLY_ACTIVE_ARCH = YES;
				SDKROOT = iphoneos;
				SWIFT_OPTIMIZATION_LEVEL = "-Onone";
			};
			name = Debug;
		};
		EDFDF02D1C2D04B5002B4AF9 /* Release */ = {
			isa = XCBuildConfiguration;
			buildSettings = {
				ALWAYS_SEARCH_USER_PATHS = NO;
				CLANG_CXX_LANGUAGE_STANDARD = "gnu++0x";
				CLANG_CXX_LIBRARY = "libc++";
				CLANG_ENABLE_MODULES = YES;
				CLANG_ENABLE_OBJC_ARC = YES;
				CLANG_WARN_BOOL_CONVERSION = YES;
				CLANG_WARN_CONSTANT_CONVERSION = YES;
				CLANG_WARN_DIRECT_OBJC_ISA_USAGE = YES_ERROR;
				CLANG_WARN_EMPTY_BODY = YES;
				CLANG_WARN_ENUM_CONVERSION = YES;
				CLANG_WARN_INFINITE_RECURSION = YES;
				CLANG_WARN_INT_CONVERSION = YES;
				CLANG_WARN_OBJC_ROOT_CLASS = YES_ERROR;
				CLANG_WARN_SUSPICIOUS_MOVE = YES;
				CLANG_WARN_UNREACHABLE_CODE = YES;
				CLANG_WARN__DUPLICATE_METHOD_MATCH = YES;
				"CODE_SIGN_IDENTITY[sdk=iphoneos*]" = "iPhone Developer";
				COPY_PHASE_STRIP = NO;
				DEBUG_INFORMATION_FORMAT = "dwarf-with-dsym";
				ENABLE_NS_ASSERTIONS = NO;
				ENABLE_STRICT_OBJC_MSGSEND = YES;
				GCC_C_LANGUAGE_STANDARD = gnu99;
				GCC_NO_COMMON_BLOCKS = YES;
				GCC_WARN_64_TO_32_BIT_CONVERSION = YES;
				GCC_WARN_ABOUT_RETURN_TYPE = YES_ERROR;
				GCC_WARN_UNDECLARED_SELECTOR = YES;
				GCC_WARN_UNINITIALIZED_AUTOS = YES_AGGRESSIVE;
				GCC_WARN_UNUSED_FUNCTION = YES;
				GCC_WARN_UNUSED_VARIABLE = YES;
				IPHONEOS_DEPLOYMENT_TARGET = 10.0;
				MTL_ENABLE_DEBUG_INFO = NO;
				SDKROOT = iphoneos;
				SWIFT_OPTIMIZATION_LEVEL = "-Owholemodule";
				VALIDATE_PRODUCT = YES;
			};
			name = Release;
		};
		EDFDF02F1C2D04B5002B4AF9 /* Debug */ = {
			isa = XCBuildConfiguration;
			baseConfigurationReference = 7C6F3D80A80AF2EBAD94A1BE /* Pods-MetroMesh.debug.xcconfig */;
			buildSettings = {
				ASSETCATALOG_COMPILER_APPICON_NAME = AppIcon;
				CODE_SIGN_IDENTITY = "iPhone Developer";
				"CODE_SIGN_IDENTITY[sdk=iphoneos*]" = "iPhone Developer";
				DEVELOPMENT_TEAM = 3FHNAQRUEU;
				GCC_TREAT_WARNINGS_AS_ERRORS = YES;
				INFOPLIST_FILE = "$(SRCROOT)/Supporting Files/Info.plist";
				IPHONEOS_DEPLOYMENT_TARGET = 10.0;
				LD_RUNPATH_SEARCH_PATHS = "$(inherited) @executable_path/Frameworks";
				PRODUCT_BUNDLE_IDENTIFIER = me.borikanes.MetroMesh;
				PRODUCT_NAME = "$(TARGET_NAME)";
				PROVISIONING_PROFILE = "";
				SWIFT_TREAT_WARNINGS_AS_ERRORS = YES;
				SWIFT_VERSION = 3.0;
			};
			name = Debug;
		};
		EDFDF0301C2D04B5002B4AF9 /* Release */ = {
			isa = XCBuildConfiguration;
			baseConfigurationReference = EC37A536F96B397DBA26C035 /* Pods-MetroMesh.release.xcconfig */;
			buildSettings = {
				ASSETCATALOG_COMPILER_APPICON_NAME = AppIcon;
				CODE_SIGN_IDENTITY = "iPhone Developer";
				"CODE_SIGN_IDENTITY[sdk=iphoneos*]" = "iPhone Developer";
				DEVELOPMENT_TEAM = 3FHNAQRUEU;
				GCC_TREAT_WARNINGS_AS_ERRORS = YES;
				INFOPLIST_FILE = "$(SRCROOT)/Supporting Files/Info.plist";
				IPHONEOS_DEPLOYMENT_TARGET = 10.0;
				LD_RUNPATH_SEARCH_PATHS = "$(inherited) @executable_path/Frameworks";
				PRODUCT_BUNDLE_IDENTIFIER = me.borikanes.MetroMesh;
				PRODUCT_NAME = "$(TARGET_NAME)";
				PROVISIONING_PROFILE = "";
				SWIFT_TREAT_WARNINGS_AS_ERRORS = YES;
				SWIFT_VERSION = 3.0;
			};
			name = Release;
		};
/* End XCBuildConfiguration section */

/* Begin XCConfigurationList section */
		5114F7381EBFF13B000B3735 /* Build configuration list for PBXNativeTarget "MetroMeshUITests" */ = {
			isa = XCConfigurationList;
			buildConfigurations = (
				5114F7391EBFF13B000B3735 /* Debug */,
				5114F73A1EBFF13B000B3735 /* Release */,
			);
			defaultConfigurationIsVisible = 0;
			defaultConfigurationName = Release;
		};
		5114F7461EBFF159000B3735 /* Build configuration list for PBXNativeTarget "MetroMeshTests" */ = {
			isa = XCConfigurationList;
			buildConfigurations = (
				5114F7471EBFF159000B3735 /* Debug */,
				5114F7481EBFF159000B3735 /* Release */,
			);
			defaultConfigurationIsVisible = 0;
			defaultConfigurationName = Release;
		};
		EDFDF0171C2D04B5002B4AF9 /* Build configuration list for PBXProject "MetroMesh" */ = {
			isa = XCConfigurationList;
			buildConfigurations = (
				EDFDF02C1C2D04B5002B4AF9 /* Debug */,
				EDFDF02D1C2D04B5002B4AF9 /* Release */,
			);
			defaultConfigurationIsVisible = 0;
			defaultConfigurationName = Release;
		};
		EDFDF02E1C2D04B5002B4AF9 /* Build configuration list for PBXNativeTarget "MetroMesh" */ = {
			isa = XCConfigurationList;
			buildConfigurations = (
				EDFDF02F1C2D04B5002B4AF9 /* Debug */,
				EDFDF0301C2D04B5002B4AF9 /* Release */,
			);
			defaultConfigurationIsVisible = 0;
			defaultConfigurationName = Release;
		};
/* End XCConfigurationList section */
	};
	rootObject = EDFDF0141C2D04B5002B4AF9 /* Project object */;
}
