// !$*UTF8*$!
{
	archiveVersion = 1;
	classes = {
	};
	objectVersion = 46;
	objects = {

/* Begin PBXBuildFile section */
		EDFDF0201C2D04B5002B4AF9 /* AppDelegate.swift in Sources */ = {isa = PBXBuildFile; fileRef = EDFDF01F1C2D04B5002B4AF9 /* AppDelegate.swift */; };
		EDFDF0221C2D04B5002B4AF9 /* ViewController.swift in Sources */ = {isa = PBXBuildFile; fileRef = EDFDF0211C2D04B5002B4AF9 /* ViewController.swift */; };
		EDFDF0251C2D04B5002B4AF9 /* Main.storyboard in Resources */ = {isa = PBXBuildFile; fileRef = EDFDF0231C2D04B5002B4AF9 /* Main.storyboard */; };
		EDFDF0271C2D04B5002B4AF9 /* Assets.xcassets in Resources */ = {isa = PBXBuildFile; fileRef = EDFDF0261C2D04B5002B4AF9 /* Assets.xcassets */; };
		EDFDF02A1C2D04B5002B4AF9 /* LaunchScreen.storyboard in Resources */ = {isa = PBXBuildFile; fileRef = EDFDF0281C2D04B5002B4AF9 /* LaunchScreen.storyboard */; };
/* End PBXBuildFile section */

/* Begin PBXFileReference section */
		EDFDF01C1C2D04B5002B4AF9 /* MetroMesh.app */ = {isa = PBXFileReference; explicitFileType = wrapper.application; includeInIndex = 0; path = MetroMesh.app; sourceTree = BUILT_PRODUCTS_DIR; };
		EDFDF01F1C2D04B5002B4AF9 /* AppDelegate.swift */ = {isa = PBXFileReference; lastKnownFileType = sourcecode.swift; path = AppDelegate.swift; sourceTree = "<group>"; };
		EDFDF0211C2D04B5002B4AF9 /* ViewController.swift */ = {isa = PBXFileReference; lastKnownFileType = sourcecode.swift; path = ViewController.swift; sourceTree = "<group>"; };
		EDFDF0241C2D04B5002B4AF9 /* Base */ = {isa = PBXFileReference; lastKnownFileType = file.storyboard; name = Base; path = Base.lproj/Main.storyboard; sourceTree = "<group>"; };
		EDFDF0261C2D04B5002B4AF9 /* Assets.xcassets */ = {isa = PBXFileReference; lastKnownFileType = folder.assetcatalog; path = Assets.xcassets; sourceTree = "<group>"; };
		EDFDF0291C2D04B5002B4AF9 /* Base */ = {isa = PBXFileReference; lastKnownFileType = file.storyboard; name = Base; path = Base.lproj/LaunchScreen.storyboard; sourceTree = "<group>"; };
		EDFDF02B1C2D04B5002B4AF9 /* Info.plist */ = {isa = PBXFileReference; lastKnownFileType = text.plist.xml; path = Info.plist; sourceTree = "<group>"; };
/* End PBXFileReference section */

/* Begin PBXFrameworksBuildPhase section */
		EDFDF0191C2D04B5002B4AF9 /* Frameworks */ = {
			isa = PBXFrameworksBuildPhase;
			buildActionMask = 2147483647;
			files = (
			);
			runOnlyForDeploymentPostprocessing = 0;
		};
/* End PBXFrameworksBuildPhase section */

/* Begin PBXGroup section */
		EDFDF0131C2D04B5002B4AF9 = {
			isa = PBXGroup;
			children = (
				EDFDF01E1C2D04B5002B4AF9 /* MetroMesh */,
				EDFDF01D1C2D04B5002B4AF9 /* Products */,
			);
			sourceTree = "<group>";
		};
		EDFDF01D1C2D04B5002B4AF9 /* Products */ = {
			isa = PBXGroup;
			children = (
				EDFDF01C1C2D04B5002B4AF9 /* MetroMesh.app */,
			);
			name = Products;
			sourceTree = "<group>";
		};
		EDFDF01E1C2D04B5002B4AF9 /* MetroMesh */ = {
			isa = PBXGroup;
			children = (
				EDFDF01F1C2D04B5002B4AF9 /* AppDelegate.swift */,
				EDFDF0211C2D04B5002B4AF9 /* ViewController.swift */,
				EDFDF0231C2D04B5002B4AF9 /* Main.storyboard */,
				EDFDF0261C2D04B5002B4AF9 /* Assets.xcassets */,
				EDFDF0281C2D04B5002B4AF9 /* LaunchScreen.storyboard */,
				EDFDF02B1C2D04B5002B4AF9 /* Info.plist */,
			);
			path = MetroMesh;
			sourceTree = "<group>";
		};
/* End PBXGroup section */

/* Begin PBXNativeTarget section */
		EDFDF01B1C2D04B5002B4AF9 /* MetroMesh */ = {
			isa = PBXNativeTarget;
			buildConfigurationList = EDFDF02E1C2D04B5002B4AF9 /* Build configuration list for PBXNativeTarget "MetroMesh" */;
			buildPhases = (
				EDFDF0181C2D04B5002B4AF9 /* Sources */,
				EDFDF0191C2D04B5002B4AF9 /* Frameworks */,
				EDFDF01A1C2D04B5002B4AF9 /* Resources */,
			);
			buildRules = (
			);
			dependencies = (
			);
			name = MetroMesh;
			productName = MetroMesh;
			productReference = EDFDF01C1C2D04B5002B4AF9 /* MetroMesh.app */;
			productType = "com.apple.product-type.application";
		};
/* End PBXNativeTarget section */

/* Begin PBXProject section */
		EDFDF0141C2D04B5002B4AF9 /* Project object */ = {
			isa = PBXProject;
			attributes = {
				LastSwiftUpdateCheck = 0710;
				LastUpgradeCheck = 0710;
				ORGANIZATIONNAME = "Oluwabori Oludemi";
				TargetAttributes = {
					EDFDF01B1C2D04B5002B4AF9 = {
						CreatedOnToolsVersion = 7.1.1;
					};
				};
			};
			buildConfigurationList = EDFDF0171C2D04B5002B4AF9 /* Build configuration list for PBXProject "MetroMesh" */;
			compatibilityVersion = "Xcode 3.2";
			developmentRegion = English;
			hasScannedForEncodings = 0;
			knownRegions = (
				en,
				Base,
			);
			mainGroup = EDFDF0131C2D04B5002B4AF9;
			productRefGroup = EDFDF01D1C2D04B5002B4AF9 /* Products */;
			projectDirPath = "";
			projectRoot = "";
			targets = (
				EDFDF01B1C2D04B5002B4AF9 /* MetroMesh */,
			);
		};
/* End PBXProject section */

/* Begin PBXResourcesBuildPhase section */
		EDFDF01A1C2D04B5002B4AF9 /* Resources */ = {
			isa = PBXResourcesBuildPhase;
			buildActionMask = 2147483647;
			files = (
				EDFDF02A1C2D04B5002B4AF9 /* LaunchScreen.storyboard in Resources */,
				EDFDF0271C2D04B5002B4AF9 /* Assets.xcassets in Resources */,
				EDFDF0251C2D04B5002B4AF9 /* Main.storyboard in Resources */,
			);
			runOnlyForDeploymentPostprocessing = 0;
		};
/* End PBXResourcesBuildPhase section */

/* Begin PBXSourcesBuildPhase section */
		EDFDF0181C2D04B5002B4AF9 /* Sources */ = {
			isa = PBXSourcesBuildPhase;
			buildActionMask = 2147483647;
			files = (
				EDFDF0221C2D04B5002B4AF9 /* ViewController.swift in Sources */,
				EDFDF0201C2D04B5002B4AF9 /* AppDelegate.swift in Sources */,
			);
			runOnlyForDeploymentPostprocessing = 0;
		};
/* End PBXSourcesBuildPhase section */

/* Begin PBXVariantGroup section */
		EDFDF0231C2D04B5002B4AF9 /* Main.storyboard */ = {
			isa = PBXVariantGroup;
			children = (
				EDFDF0241C2D04B5002B4AF9 /* Base */,
			);
			name = Main.storyboard;
			sourceTree = "<group>";
		};
		EDFDF0281C2D04B5002B4AF9 /* LaunchScreen.storyboard */ = {
			isa = PBXVariantGroup;
			children = (
				EDFDF0291C2D04B5002B4AF9 /* Base */,
			);
			name = LaunchScreen.storyboard;
			sourceTree = "<group>";
		};
/* End PBXVariantGroup section */

/* Begin XCBuildConfiguration section */
		EDFDF02C1C2D04B5002B4AF9 /* Debug */ = {
			isa = XCBuildConfiguration;
			buildSettings = {
				ALWAYS_SEARCH_USER_PATHS = NO;
				CLANG_CXX_LANGUAGE_STANDARD = "gnu++0x";
				CLANG_CXX_LIBRARY = "libc++";
				CLANG_ENABLE_MODULES = YES;
				CLANG_ENABLE_OBJC_ARC = YES;
				CLANG_WARN_BOOL_CONVERSION = YES;
				CLANG_WARN_CONSTANT_CONVERSION = YES;
				CLANG_WARN_DIRECT_OBJC_ISA_USAGE = YES_ERROR;
				CLANG_WARN_EMPTY_BODY = YES;
				CLANG_WARN_ENUM_CONVERSION = YES;
				CLANG_WARN_INT_CONVERSION = YES;
				CLANG_WARN_OBJC_ROOT_CLASS = YES_ERROR;
				CLANG_WARN_UNREACHABLE_CODE = YES;
				CLANG_WARN__DUPLICATE_METHOD_MATCH = YES;
				"CODE_SIGN_IDENTITY[sdk=iphoneos*]" = "iPhone Developer";
				COPY_PHASE_STRIP = NO;
				DEBUG_INFORMATION_FORMAT = dwarf;
				ENABLE_STRICT_OBJC_MSGSEND = YES;
				ENABLE_TESTABILITY = YES;
				GCC_C_LANGUAGE_STANDARD = gnu99;
				GCC_DYNAMIC_NO_PIC = NO;
				GCC_NO_COMMON_BLOCKS = YES;
				GCC_OPTIMIZATION_LEVEL = 0;
				GCC_PREPROCESSOR_DEFINITIONS = (
					"DEBUG=1",
					"$(inherited)",
				);
				GCC_WARN_64_TO_32_BIT_CONVERSION = YES;
				GCC_WARN_ABOUT_RETURN_TYPE = YES_ERROR;
				GCC_WARN_UNDECLARED_SELECTOR = YES;
				GCC_WARN_UNINITIALIZED_AUTOS = YES_AGGRESSIVE;
				GCC_WARN_UNUSED_FUNCTION = YES;
				GCC_WARN_UNUSED_VARIABLE = YES;
				IPHONEOS_DEPLOYMENT_TARGET = 9.1;
				MTL_ENABLE_DEBUG_INFO = YES;
				ONLY_ACTIVE_ARCH = YES;
				SDKROOT = iphoneos;
				SWIFT_OPTIMIZATION_LEVEL = "-Onone";
			};
			name = Debug;
		};
		EDFDF02D1C2D04B5002B4AF9 /* Release */ = {
			isa = XCBuildConfiguration;
			buildSettings = {
				ALWAYS_SEARCH_USER_PATHS = NO;
				CLANG_CXX_LANGUAGE_STANDARD = "gnu++0x";
				CLANG_CXX_LIBRARY = "libc++";
				CLANG_ENABLE_MODULES = YES;
				CLANG_ENABLE_OBJC_ARC = YES;
				CLANG_WARN_BOOL_CONVERSION = YES;
				CLANG_WARN_CONSTANT_CONVERSION = YES;
				CLANG_WARN_DIRECT_OBJC_ISA_USAGE = YES_ERROR;
				CLANG_WARN_EMPTY_BODY = YES;
				CLANG_WARN_ENUM_CONVERSION = YES;
				CLANG_WARN_INT_CONVERSION = YES;
				CLANG_WARN_OBJC_ROOT_CLASS = YES_ERROR;
				CLANG_WARN_UNREACHABLE_CODE = YES;
				CLANG_WARN__DUPLICATE_METHOD_MATCH = YES;
				"CODE_SIGN_IDENTITY[sdk=iphoneos*]" = "iPhone Developer";
				COPY_PHASE_STRIP = NO;
				DEBUG_INFORMATION_FORMAT = "dwarf-with-dsym";
				ENABLE_NS_ASSERTIONS = NO;
				ENABLE_STRICT_OBJC_MSGSEND = YES;
				GCC_C_LANGUAGE_STANDARD = gnu99;
				GCC_NO_COMMON_BLOCKS = YES;
				GCC_WARN_64_TO_32_BIT_CONVERSION = YES;
				GCC_WARN_ABOUT_RETURN_TYPE = YES_ERROR;
				GCC_WARN_UNDECLARED_SELECTOR = YES;
				GCC_WARN_UNINITIALIZED_AUTOS = YES_AGGRESSIVE;
				GCC_WARN_UNUSED_FUNCTION = YES;
				GCC_WARN_UNUSED_VARIABLE = YES;
				IPHONEOS_DEPLOYMENT_TARGET = 9.1;
				MTL_ENABLE_DEBUG_INFO = NO;
				SDKROOT = iphoneos;
				VALIDATE_PRODUCT = YES;
			};
			name = Release;
		};
		EDFDF02F1C2D04B5002B4AF9 /* Debug */ = {
			isa = XCBuildConfiguration;
			buildSettings = {
				ASSETCATALOG_COMPILER_APPICON_NAME = AppIcon;
				INFOPLIST_FILE = MetroMesh/Info.plist;
				LD_RUNPATH_SEARCH_PATHS = "$(inherited) @executable_path/Frameworks";
				PRODUCT_BUNDLE_IDENTIFIER = com.borikanes.MetroMesh;
				PRODUCT_NAME = "$(TARGET_NAME)";
			};
			name = Debug;
		};
		EDFDF0301C2D04B5002B4AF9 /* Release */ = {
			isa = XCBuildConfiguration;
			buildSettings = {
				ASSETCATALOG_COMPILER_APPICON_NAME = AppIcon;
				INFOPLIST_FILE = MetroMesh/Info.plist;
				LD_RUNPATH_SEARCH_PATHS = "$(inherited) @executable_path/Frameworks";
				PRODUCT_BUNDLE_IDENTIFIER = com.borikanes.MetroMesh;
				PRODUCT_NAME = "$(TARGET_NAME)";
			};
			name = Release;
		};
/* End XCBuildConfiguration section */

/* Begin XCConfigurationList section */
		EDFDF0171C2D04B5002B4AF9 /* Build configuration list for PBXProject "MetroMesh" */ = {
			isa = XCConfigurationList;
			buildConfigurations = (
				EDFDF02C1C2D04B5002B4AF9 /* Debug */,
				EDFDF02D1C2D04B5002B4AF9 /* Release */,
			);
			defaultConfigurationIsVisible = 0;
			defaultConfigurationName = Release;
		};
		EDFDF02E1C2D04B5002B4AF9 /* Build configuration list for PBXNativeTarget "MetroMesh" */ = {
			isa = XCConfigurationList;
			buildConfigurations = (
				EDFDF02F1C2D04B5002B4AF9 /* Debug */,
				EDFDF0301C2D04B5002B4AF9 /* Release */,
			);
			defaultConfigurationIsVisible = 0;
		};
/* End XCConfigurationList section */
	};
	rootObject = EDFDF0141C2D04B5002B4AF9 /* Project object */;
}
